// !$*UTF8*$!
{
	archiveVersion = 1;
	classes = {
	};
	objectVersion = 46;
	objects = {

/* Begin PBXBuildFile section */
		3574378A1D593EE00036A127 /* AppDelegate.swift in Sources */ = {isa = PBXBuildFile; fileRef = 357437891D593EE00036A127 /* AppDelegate.swift */; };
		3574378C1D593EE00036A127 /* ViewController.swift in Sources */ = {isa = PBXBuildFile; fileRef = 3574378B1D593EE00036A127 /* ViewController.swift */; };
		3574378F1D593EE00036A127 /* Main.storyboard in Resources */ = {isa = PBXBuildFile; fileRef = 3574378D1D593EE00036A127 /* Main.storyboard */; };
		357437911D593EE00036A127 /* Assets.xcassets in Resources */ = {isa = PBXBuildFile; fileRef = 357437901D593EE00036A127 /* Assets.xcassets */; };
		357437941D593EE00036A127 /* LaunchScreen.storyboard in Resources */ = {isa = PBXBuildFile; fileRef = 357437921D593EE00036A127 /* LaunchScreen.storyboard */; };
		3574379F1D593EE00036A127 /* pruebaGitTests.swift in Sources */ = {isa = PBXBuildFile; fileRef = 3574379E1D593EE00036A127 /* pruebaGitTests.swift */; };
		357437AA1D593EE00036A127 /* pruebaGitUITests.swift in Sources */ = {isa = PBXBuildFile; fileRef = 357437A91D593EE00036A127 /* pruebaGitUITests.swift */; };
/* End PBXBuildFile section */

/* Begin PBXContainerItemProxy section */
		3574379B1D593EE00036A127 /* PBXContainerItemProxy */ = {
			isa = PBXContainerItemProxy;
			containerPortal = 3574377E1D593EDF0036A127 /* Project object */;
			proxyType = 1;
			remoteGlobalIDString = 357437851D593EDF0036A127;
			remoteInfo = pruebaGit;
		};
		357437A61D593EE00036A127 /* PBXContainerItemProxy */ = {
			isa = PBXContainerItemProxy;
			containerPortal = 3574377E1D593EDF0036A127 /* Project object */;
			proxyType = 1;
			remoteGlobalIDString = 357437851D593EDF0036A127;
			remoteInfo = pruebaGit;
		};
/* End PBXContainerItemProxy section */

/* Begin PBXFileReference section */
		357437861D593EDF0036A127 /* pruebaGit.app */ = {isa = PBXFileReference; explicitFileType = wrapper.application; includeInIndex = 0; path = pruebaGit.app; sourceTree = BUILT_PRODUCTS_DIR; };
		357437891D593EE00036A127 /* AppDelegate.swift */ = {isa = PBXFileReference; lastKnownFileType = sourcecode.swift; path = AppDelegate.swift; sourceTree = "<group>"; };
		3574378B1D593EE00036A127 /* ViewController.swift */ = {isa = PBXFileReference; lastKnownFileType = sourcecode.swift; path = ViewController.swift; sourceTree = "<group>"; };
		3574378E1D593EE00036A127 /* Base */ = {isa = PBXFileReference; lastKnownFileType = file.storyboard; name = Base; path = Base.lproj/Main.storyboard; sourceTree = "<group>"; };
		357437901D593EE00036A127 /* Assets.xcassets */ = {isa = PBXFileReference; lastKnownFileType = folder.assetcatalog; path = Assets.xcassets; sourceTree = "<group>"; };
		357437931D593EE00036A127 /* Base */ = {isa = PBXFileReference; lastKnownFileType = file.storyboard; name = Base; path = Base.lproj/LaunchScreen.storyboard; sourceTree = "<group>"; };
		357437951D593EE00036A127 /* Info.plist */ = {isa = PBXFileReference; lastKnownFileType = text.plist.xml; path = Info.plist; sourceTree = "<group>"; };
		3574379A1D593EE00036A127 /* pruebaGitTests.xctest */ = {isa = PBXFileReference; explicitFileType = wrapper.cfbundle; includeInIndex = 0; path = pruebaGitTests.xctest; sourceTree = BUILT_PRODUCTS_DIR; };
		3574379E1D593EE00036A127 /* pruebaGitTests.swift */ = {isa = PBXFileReference; lastKnownFileType = sourcecode.swift; path = pruebaGitTests.swift; sourceTree = "<group>"; };
		357437A01D593EE00036A127 /* Info.plist */ = {isa = PBXFileReference; lastKnownFileType = text.plist.xml; path = Info.plist; sourceTree = "<group>"; };
		357437A51D593EE00036A127 /* pruebaGitUITests.xctest */ = {isa = PBXFileReference; explicitFileType = wrapper.cfbundle; includeInIndex = 0; path = pruebaGitUITests.xctest; sourceTree = BUILT_PRODUCTS_DIR; };
		357437A91D593EE00036A127 /* pruebaGitUITests.swift */ = {isa = PBXFileReference; lastKnownFileType = sourcecode.swift; path = pruebaGitUITests.swift; sourceTree = "<group>"; };
		357437AB1D593EE00036A127 /* Info.plist */ = {isa = PBXFileReference; lastKnownFileType = text.plist.xml; path = Info.plist; sourceTree = "<group>"; };
/* End PBXFileReference section */

/* Begin PBXFrameworksBuildPhase section */
		357437831D593EDF0036A127 /* Frameworks */ = {
			isa = PBXFrameworksBuildPhase;
			buildActionMask = 2147483647;
			files = (
			);
			runOnlyForDeploymentPostprocessing = 0;
		};
		357437971D593EE00036A127 /* Frameworks */ = {
			isa = PBXFrameworksBuildPhase;
			buildActionMask = 2147483647;
			files = (
			);
			runOnlyForDeploymentPostprocessing = 0;
		};
		357437A21D593EE00036A127 /* Frameworks */ = {
			isa = PBXFrameworksBuildPhase;
			buildActionMask = 2147483647;
			files = (
			);
			runOnlyForDeploymentPostprocessing = 0;
		};
/* End PBXFrameworksBuildPhase section */

/* Begin PBXGroup section */
		3574377D1D593EDF0036A127 = {
			isa = PBXGroup;
			children = (
				357437881D593EE00036A127 /* pruebaGit */,
				3574379D1D593EE00036A127 /* pruebaGitTests */,
				357437A81D593EE00036A127 /* pruebaGitUITests */,
				357437871D593EDF0036A127 /* Products */,
			);
			sourceTree = "<group>";
		};
		357437871D593EDF0036A127 /* Products */ = {
			isa = PBXGroup;
			children = (
				357437861D593EDF0036A127 /* pruebaGit.app */,
				3574379A1D593EE00036A127 /* pruebaGitTests.xctest */,
				357437A51D593EE00036A127 /* pruebaGitUITests.xctest */,
			);
			name = Products;
			sourceTree = "<group>";
		};
		357437881D593EE00036A127 /* pruebaGit */ = {
			isa = PBXGroup;
			children = (
				357437891D593EE00036A127 /* AppDelegate.swift */,
				3574378B1D593EE00036A127 /* ViewController.swift */,
				3574378D1D593EE00036A127 /* Main.storyboard */,
				357437901D593EE00036A127 /* Assets.xcassets */,
				357437921D593EE00036A127 /* LaunchScreen.storyboard */,
				357437951D593EE00036A127 /* Info.plist */,
			);
			path = pruebaGit;
			sourceTree = "<group>";
		};
		3574379D1D593EE00036A127 /* pruebaGitTests */ = {
			isa = PBXGroup;
			children = (
				3574379E1D593EE00036A127 /* pruebaGitTests.swift */,
				357437A01D593EE00036A127 /* Info.plist */,
			);
			path = pruebaGitTests;
			sourceTree = "<group>";
		};
		357437A81D593EE00036A127 /* pruebaGitUITests */ = {
			isa = PBXGroup;
			children = (
				357437A91D593EE00036A127 /* pruebaGitUITests.swift */,
				357437AB1D593EE00036A127 /* Info.plist */,
			);
			path = pruebaGitUITests;
			sourceTree = "<group>";
		};
/* End PBXGroup section */

/* Begin PBXNativeTarget section */
		357437851D593EDF0036A127 /* pruebaGit */ = {
			isa = PBXNativeTarget;
			buildConfigurationList = 357437AE1D593EE00036A127 /* Build configuration list for PBXNativeTarget "pruebaGit" */;
			buildPhases = (
				357437821D593EDF0036A127 /* Sources */,
				357437831D593EDF0036A127 /* Frameworks */,
				357437841D593EDF0036A127 /* Resources */,
			);
			buildRules = (
			);
			dependencies = (
			);
			name = pruebaGit;
			productName = pruebaGit;
			productReference = 357437861D593EDF0036A127 /* pruebaGit.app */;
			productType = "com.apple.product-type.application";
		};
		357437991D593EE00036A127 /* pruebaGitTests */ = {
			isa = PBXNativeTarget;
			buildConfigurationList = 357437B11D593EE00036A127 /* Build configuration list for PBXNativeTarget "pruebaGitTests" */;
			buildPhases = (
				357437961D593EE00036A127 /* Sources */,
				357437971D593EE00036A127 /* Frameworks */,
				357437981D593EE00036A127 /* Resources */,
			);
			buildRules = (
			);
			dependencies = (
				3574379C1D593EE00036A127 /* PBXTargetDependency */,
			);
			name = pruebaGitTests;
			productName = pruebaGitTests;
			productReference = 3574379A1D593EE00036A127 /* pruebaGitTests.xctest */;
			productType = "com.apple.product-type.bundle.unit-test";
		};
		357437A41D593EE00036A127 /* pruebaGitUITests */ = {
			isa = PBXNativeTarget;
			buildConfigurationList = 357437B41D593EE00036A127 /* Build configuration list for PBXNativeTarget "pruebaGitUITests" */;
			buildPhases = (
				357437A11D593EE00036A127 /* Sources */,
				357437A21D593EE00036A127 /* Frameworks */,
				357437A31D593EE00036A127 /* Resources */,
			);
			buildRules = (
			);
			dependencies = (
				357437A71D593EE00036A127 /* PBXTargetDependency */,
			);
			name = pruebaGitUITests;
			productName = pruebaGitUITests;
			productReference = 357437A51D593EE00036A127 /* pruebaGitUITests.xctest */;
			productType = "com.apple.product-type.bundle.ui-testing";
		};
/* End PBXNativeTarget section */

/* Begin PBXProject section */
		3574377E1D593EDF0036A127 /* Project object */ = {
			isa = PBXProject;
			attributes = {
				LastSwiftUpdateCheck = 0720;
				LastUpgradeCheck = 0720;
				ORGANIZATIONNAME = Creando;
				TargetAttributes = {
					357437851D593EDF0036A127 = {
						CreatedOnToolsVersion = 7.2;
						DevelopmentTeam = SV6VRJ6H3B;
					};
					357437991D593EE00036A127 = {
						CreatedOnToolsVersion = 7.2;
						DevelopmentTeam = SV6VRJ6H3B;
						TestTargetID = 357437851D593EDF0036A127;
					};
					357437A41D593EE00036A127 = {
						CreatedOnToolsVersion = 7.2;
						DevelopmentTeam = SV6VRJ6H3B;
						TestTargetID = 357437851D593EDF0036A127;
					};
				};
			};
			buildConfigurationList = 357437811D593EDF0036A127 /* Build configuration list for PBXProject "pruebaGit" */;
			compatibilityVersion = "Xcode 3.2";
			developmentRegion = English;
			hasScannedForEncodings = 0;
			knownRegions = (
				en,
				Base,
			);
			mainGroup = 3574377D1D593EDF0036A127;
			productRefGroup = 357437871D593EDF0036A127 /* Products */;
			projectDirPath = "";
			projectRoot = "";
			targets = (
				357437851D593EDF0036A127 /* pruebaGit */,
				357437991D593EE00036A127 /* pruebaGitTests */,
				357437A41D593EE00036A127 /* pruebaGitUITests */,
			);
		};
/* End PBXProject section */

/* Begin PBXResourcesBuildPhase section */
		357437841D593EDF0036A127 /* Resources */ = {
			isa = PBXResourcesBuildPhase;
			buildActionMask = 2147483647;
			files = (
				357437941D593EE00036A127 /* LaunchScreen.storyboard in Resources */,
				357437911D593EE00036A127 /* Assets.xcassets in Resources */,
				3574378F1D593EE00036A127 /* Main.storyboard in Resources */,
			);
			runOnlyForDeploymentPostprocessing = 0;
		};
		357437981D593EE00036A127 /* Resources */ = {
			isa = PBXResourcesBuildPhase;
			buildActionMask = 2147483647;
			files = (
			);
			runOnlyForDeploymentPostprocessing = 0;
		};
		357437A31D593EE00036A127 /* Resources */ = {
			isa = PBXResourcesBuildPhase;
			buildActionMask = 2147483647;
			files = (
			);
			runOnlyForDeploymentPostprocessing = 0;
		};
/* End PBXResourcesBuildPhase section */

/* Begin PBXSourcesBuildPhase section */
		357437821D593EDF0036A127 /* Sources */ = {
			isa = PBXSourcesBuildPhase;
			buildActionMask = 2147483647;
			files = (
				3574378C1D593EE00036A127 /* ViewController.swift in Sources */,
				3574378A1D593EE00036A127 /* AppDelegate.swift in Sources */,
			);
			runOnlyForDeploymentPostprocessing = 0;
		};
		357437961D593EE00036A127 /* Sources */ = {
			isa = PBXSourcesBuildPhase;
			buildActionMask = 2147483647;
			files = (
				3574379F1D593EE00036A127 /* pruebaGitTests.swift in Sources */,
			);
			runOnlyForDeploymentPostprocessing = 0;
		};
		357437A11D593EE00036A127 /* Sources */ = {
			isa = PBXSourcesBuildPhase;
			buildActionMask = 2147483647;
			files = (
				357437AA1D593EE00036A127 /* pruebaGitUITests.swift in Sources */,
			);
			runOnlyForDeploymentPostprocessing = 0;
		};
/* End PBXSourcesBuildPhase section */

/* Begin PBXTargetDependency section */
		3574379C1D593EE00036A127 /* PBXTargetDependency */ = {
			isa = PBXTargetDependency;
			target = 357437851D593EDF0036A127 /* pruebaGit */;
			targetProxy = 3574379B1D593EE00036A127 /* PBXContainerItemProxy */;
		};
		357437A71D593EE00036A127 /* PBXTargetDependency */ = {
			isa = PBXTargetDependency;
			target = 357437851D593EDF0036A127 /* pruebaGit */;
			targetProxy = 357437A61D593EE00036A127 /* PBXContainerItemProxy */;
		};
/* End PBXTargetDependency section */

/* Begin PBXVariantGroup section */
		3574378D1D593EE00036A127 /* Main.storyboard */ = {
			isa = PBXVariantGroup;
			children = (
				3574378E1D593EE00036A127 /* Base */,
			);
			name = Main.storyboard;
			sourceTree = "<group>";
		};
		357437921D593EE00036A127 /* LaunchScreen.storyboard */ = {
			isa = PBXVariantGroup;
			children = (
				357437931D593EE00036A127 /* Base */,
			);
			name = LaunchScreen.storyboard;
			sourceTree = "<group>";
		};
/* End PBXVariantGroup section */

/* Begin XCBuildConfiguration section */
		357437AC1D593EE00036A127 /* Debug */ = {
			isa = XCBuildConfiguration;
			buildSettings = {
				ALWAYS_SEARCH_USER_PATHS = NO;
				CLANG_CXX_LANGUAGE_STANDARD = "gnu++0x";
				CLANG_CXX_LIBRARY = "libc++";
				CLANG_ENABLE_MODULES = YES;
				CLANG_ENABLE_OBJC_ARC = YES;
				CLANG_WARN_BOOL_CONVERSION = YES;
				CLANG_WARN_CONSTANT_CONVERSION = YES;
				CLANG_WARN_DIRECT_OBJC_ISA_USAGE = YES_ERROR;
				CLANG_WARN_EMPTY_BODY = YES;
				CLANG_WARN_ENUM_CONVERSION = YES;
				CLANG_WARN_INT_CONVERSION = YES;
				CLANG_WARN_OBJC_ROOT_CLASS = YES_ERROR;
				CLANG_WARN_UNREACHABLE_CODE = YES;
				CLANG_WARN__DUPLICATE_METHOD_MATCH = YES;
				"CODE_SIGN_IDENTITY[sdk=iphoneos*]" = "iPhone Developer";
				COPY_PHASE_STRIP = NO;
				DEBUG_INFORMATION_FORMAT = dwarf;
				ENABLE_STRICT_OBJC_MSGSEND = YES;
				ENABLE_TESTABILITY = YES;
				GCC_C_LANGUAGE_STANDARD = gnu99;
				GCC_DYNAMIC_NO_PIC = NO;
				GCC_NO_COMMON_BLOCKS = YES;
				GCC_OPTIMIZATION_LEVEL = 0;
				GCC_PREPROCESSOR_DEFINITIONS = (
					"DEBUG=1",
					"$(inherited)",
				);
				GCC_WARN_64_TO_32_BIT_CONVERSION = YES;
				GCC_WARN_ABOUT_RETURN_TYPE = YES_ERROR;
				GCC_WARN_UNDECLARED_SELECTOR = YES;
				GCC_WARN_UNINITIALIZED_AUTOS = YES_AGGRESSIVE;
				GCC_WARN_UNUSED_FUNCTION = YES;
				GCC_WARN_UNUSED_VARIABLE = YES;
				IPHONEOS_DEPLOYMENT_TARGET = 9.2;
				MTL_ENABLE_DEBUG_INFO = YES;
				ONLY_ACTIVE_ARCH = YES;
				SDKROOT = iphoneos;
				SWIFT_OPTIMIZATION_LEVEL = "-Onone";
			};
			name = Debug;
		};
		357437AD1D593EE00036A127 /* Release */ = {
			isa = XCBuildConfiguration;
			buildSettings = {
				ALWAYS_SEARCH_USER_PATHS = NO;
				CLANG_CXX_LANGUAGE_STANDARD = "gnu++0x";
				CLANG_CXX_LIBRARY = "libc++";
				CLANG_ENABLE_MODULES = YES;
				CLANG_ENABLE_OBJC_ARC = YES;
				CLANG_WARN_BOOL_CONVERSION = YES;
				CLANG_WARN_CONSTANT_CONVERSION = YES;
				CLANG_WARN_DIRECT_OBJC_ISA_USAGE = YES_ERROR;
				CLANG_WARN_EMPTY_BODY = YES;
				CLANG_WARN_ENUM_CONVERSION = YES;
				CLANG_WARN_INT_CONVERSION = YES;
				CLANG_WARN_OBJC_ROOT_CLASS = YES_ERROR;
				CLANG_WARN_UNREACHABLE_CODE = YES;
				CLANG_WARN__DUPLICATE_METHOD_MATCH = YES;
				"CODE_SIGN_IDENTITY[sdk=iphoneos*]" = "iPhone Developer";
				COPY_PHASE_STRIP = NO;
				DEBUG_INFORMATION_FORMAT = "dwarf-with-dsym";
				ENABLE_NS_ASSERTIONS = NO;
				ENABLE_STRICT_OBJC_MSGSEND = YES;
				GCC_C_LANGUAGE_STANDARD = gnu99;
				GCC_NO_COMMON_BLOCKS = YES;
				GCC_WARN_64_TO_32_BIT_CONVERSION = YES;
				GCC_WARN_ABOUT_RETURN_TYPE = YES_ERROR;
				GCC_WARN_UNDECLARED_SELECTOR = YES;
				GCC_WARN_UNINITIALIZED_AUTOS = YES_AGGRESSIVE;
				GCC_WARN_UNUSED_FUNCTION = YES;
				GCC_WARN_UNUSED_VARIABLE = YES;
				IPHONEOS_DEPLOYMENT_TARGET = 9.2;
				MTL_ENABLE_DEBUG_INFO = NO;
				SDKROOT = iphoneos;
				VALIDATE_PRODUCT = YES;
			};
			name = Release;
		};
		357437AF1D593EE00036A127 /* Debug */ = {
			isa = XCBuildConfiguration;
			buildSettings = {
				ASSETCATALOG_COMPILER_APPICON_NAME = AppIcon;
				INFOPLIST_FILE = pruebaGit/Info.plist;
				LD_RUNPATH_SEARCH_PATHS = "$(inherited) @executable_path/Frameworks";
				PRODUCT_BUNDLE_IDENTIFIER = creando.pruebaGit;
				PRODUCT_NAME = "$(TARGET_NAME)";
			};
			name = Debug;
		};
		357437B01D593EE00036A127 /* Release */ = {
			isa = XCBuildConfiguration;
			buildSettings = {
				ASSETCATALOG_COMPILER_APPICON_NAME = AppIcon;
				INFOPLIST_FILE = pruebaGit/Info.plist;
				LD_RUNPATH_SEARCH_PATHS = "$(inherited) @executable_path/Frameworks";
				PRODUCT_BUNDLE_IDENTIFIER = creando.pruebaGit;
				PRODUCT_NAME = "$(TARGET_NAME)";
			};
			name = Release;
		};
		357437B21D593EE00036A127 /* Debug */ = {
			isa = XCBuildConfiguration;
			buildSettings = {
				BUNDLE_LOADER = "$(TEST_HOST)";
				INFOPLIST_FILE = pruebaGitTests/Info.plist;
				LD_RUNPATH_SEARCH_PATHS = "$(inherited) @executable_path/Frameworks @loader_path/Frameworks";
				PRODUCT_BUNDLE_IDENTIFIER = creando.pruebaGitTests;
				PRODUCT_NAME = "$(TARGET_NAME)";
				TEST_HOST = "$(BUILT_PRODUCTS_DIR)/pruebaGit.app/pruebaGit";
			};
			name = Debug;
		};
		357437B31D593EE00036A127 /* Release */ = {
			isa = XCBuildConfiguration;
			buildSettings = {
				BUNDLE_LOADER = "$(TEST_HOST)";
				INFOPLIST_FILE = pruebaGitTests/Info.plist;
				LD_RUNPATH_SEARCH_PATHS = "$(inherited) @executable_path/Frameworks @loader_path/Frameworks";
				PRODUCT_BUNDLE_IDENTIFIER = creando.pruebaGitTests;
				PRODUCT_NAME = "$(TARGET_NAME)";
				TEST_HOST = "$(BUILT_PRODUCTS_DIR)/pruebaGit.app/pruebaGit";
			};
			name = Release;
		};
		357437B51D593EE00036A127 /* Debug */ = {
			isa = XCBuildConfiguration;
			buildSettings = {
				INFOPLIST_FILE = pruebaGitUITests/Info.plist;
				LD_RUNPATH_SEARCH_PATHS = "$(inherited) @executable_path/Frameworks @loader_path/Frameworks";
				PRODUCT_BUNDLE_IDENTIFIER = creando.pruebaGitUITests;
				PRODUCT_NAME = "$(TARGET_NAME)";
				TEST_TARGET_NAME = pruebaGit;
				USES_XCTRUNNER = YES;
			};
			name = Debug;
		};
		357437B61D593EE00036A127 /* Release */ = {
			isa = XCBuildConfiguration;
			buildSettings = {
				INFOPLIST_FILE = pruebaGitUITests/Info.plist;
				LD_RUNPATH_SEARCH_PATHS = "$(inherited) @executable_path/Frameworks @loader_path/Frameworks";
				PRODUCT_BUNDLE_IDENTIFIER = creando.pruebaGitUITests;
				PRODUCT_NAME = "$(TARGET_NAME)";
				TEST_TARGET_NAME = pruebaGit;
				USES_XCTRUNNER = YES;
			};
			name = Release;
		};
/* End XCBuildConfiguration section */

/* Begin XCConfigurationList section */
		357437811D593EDF0036A127 /* Build configuration list for PBXProject "pruebaGit" */ = {
			isa = XCConfigurationList;
			buildConfigurations = (
				357437AC1D593EE00036A127 /* Debug */,
				357437AD1D593EE00036A127 /* Release */,
			);
			defaultConfigurationIsVisible = 0;
			defaultConfigurationName = Release;
		};
		357437AE1D593EE00036A127 /* Build configuration list for PBXNativeTarget "pruebaGit" */ = {
			isa = XCConfigurationList;
			buildConfigurations = (
				357437AF1D593EE00036A127 /* Debug */,
				357437B01D593EE00036A127 /* Release */,
			);
			defaultConfigurationIsVisible = 0;
		};
		357437B11D593EE00036A127 /* Build configuration list for PBXNativeTarget "pruebaGitTests" */ = {
			isa = XCConfigurationList;
			buildConfigurations = (
				357437B21D593EE00036A127 /* Debug */,
				357437B31D593EE00036A127 /* Release */,
			);
			defaultConfigurationIsVisible = 0;
		};
		357437B41D593EE00036A127 /* Build configuration list for PBXNativeTarget "pruebaGitUITests" */ = {
			isa = XCConfigurationList;
			buildConfigurations = (
				357437B51D593EE00036A127 /* Debug */,
				357437B61D593EE00036A127 /* Release */,
			);
			defaultConfigurationIsVisible = 0;
		};
/* End XCConfigurationList section */
	};
	rootObject = 3574377E1D593EDF0036A127 /* Project object */;
}
